Microsoft Visual Studio Solution File, Format Version 12.00
# Visual Studio Version 17
VisualStudioVersion = 17.5.2.0
MinimumVisualStudioVersion = 10.0.40219.1
Project("{FAE04EC0-301F-11D3-BF4B-00C04F79EFBC}") = "Province_API", "Province_API.csproj", "{610886B1-CBA1-9D6D-C8FC-11DDD8FAD84F}"
EndProject
Global
	GlobalSection(SolutionConfigurationPlatforms) = preSolution
		Debug|Any CPU = Debug|Any CPU
		Release|Any CPU = Release|Any CPU
	EndGlobalSection
	GlobalSection(ProjectConfigurationPlatforms) = postSolution
		{610886B1-CBA1-9D6D-C8FC-11DDD8FAD84F}.Debug|Any CPU.ActiveCfg = Debug|Any CPU
		{610886B1-CBA1-9D6D-C8FC-11DDD8FAD84F}.Debug|Any CPU.Build.0 = Debug|Any CPU
		{610886B1-CBA1-9D6D-C8FC-11DDD8FAD84F}.Release|Any CPU.ActiveCfg = Release|Any CPU
		{610886B1-CBA1-9D6D-C8FC-11DDD8FAD84F}.Release|Any CPU.Build.0 = Release|Any CPU
	EndGlobalSection
	GlobalSection(SolutionProperties) = preSolution
		HideSolutionNode = FALSE
	EndGlobalSection
	GlobalSection(ExtensibilityGlobals) = postSolution
		SolutionGuid = {7923D506-3A00-474E-9034-0E21CED66AD7}
	EndGlobalSection
EndGlobal
